
Microsoft Visual Studio Solution File, Format Version 12.00
# Visual Studio 2012
Project("{8BC9CEB8-8B4A-11D0-8D11-00A0C91BC942}") = "yet-another-raytracer", "yet-another-raytracer\yet-another-raytracer.vcxproj", "{2B102EB5-1454-4E52-82D7-64D41FEB5A3A}"
EndProject
Project("{8BC9CEB8-8B4A-11D0-8D11-00A0C91BC942}") = "math-test", "math-test\math-test.vcxproj", "{B61BED1B-2EF0-42BC-9D02-B1D750FA4657}"
EndProject
Global
	GlobalSection(SolutionConfigurationPlatforms) = preSolution
		Debug|Win32 = Debug|Win32
		Debug|x64 = Debug|x64
		Release|Win32 = Release|Win32
		Release|x64 = Release|x64
	EndGlobalSection
	GlobalSection(ProjectConfigurationPlatforms) = postSolution
		{2B102EB5-1454-4E52-82D7-64D41FEB5A3A}.Debug|Win32.ActiveCfg = Debug|Win32
		{2B102EB5-1454-4E52-82D7-64D41FEB5A3A}.Debug|Win32.Build.0 = Debug|Win32
		{2B102EB5-1454-4E52-82D7-64D41FEB5A3A}.Debug|x64.ActiveCfg = Debug|x64
		{2B102EB5-1454-4E52-82D7-64D41FEB5A3A}.Debug|x64.Build.0 = Debug|x64
		{2B102EB5-1454-4E52-82D7-64D41FEB5A3A}.Release|Win32.ActiveCfg = Release|Win32
		{2B102EB5-1454-4E52-82D7-64D41FEB5A3A}.Release|Win32.Build.0 = Release|Win32
		{2B102EB5-1454-4E52-82D7-64D41FEB5A3A}.Release|x64.ActiveCfg = Release|x64
		{2B102EB5-1454-4E52-82D7-64D41FEB5A3A}.Release|x64.Build.0 = Release|x64
		{B61BED1B-2EF0-42BC-9D02-B1D750FA4657}.Debug|Win32.ActiveCfg = Debug|Win32
		{B61BED1B-2EF0-42BC-9D02-B1D750FA4657}.Debug|Win32.Build.0 = Debug|Win32
		{B61BED1B-2EF0-42BC-9D02-B1D750FA4657}.Debug|x64.ActiveCfg = Debug|x64
		{B61BED1B-2EF0-42BC-9D02-B1D750FA4657}.Debug|x64.Build.0 = Debug|x64
		{B61BED1B-2EF0-42BC-9D02-B1D750FA4657}.Release|Win32.ActiveCfg = Release|Win32
		{B61BED1B-2EF0-42BC-9D02-B1D750FA4657}.Release|Win32.Build.0 = Release|Win32
		{B61BED1B-2EF0-42BC-9D02-B1D750FA4657}.Release|x64.ActiveCfg = Release|x64
		{B61BED1B-2EF0-42BC-9D02-B1D750FA4657}.Release|x64.Build.0 = Release|x64
	EndGlobalSection
	GlobalSection(SolutionProperties) = preSolution
		HideSolutionNode = FALSE
	EndGlobalSection
	GlobalSection(Performance) = preSolution
		HasPerformanceSessions = true
	EndGlobalSection
EndGlobal
