<?xml version="1.0" encoding="utf-8"?>
<Project ToolsVersion="4.0" xmlns="http://schemas.microsoft.com/developer/msbuild/2003">
  <ItemGroup>
    <Filter Include="Engine">
      <UniqueIdentifier>{a0353ee5-e715-449b-a62e-cd4567e5b3f8}</UniqueIdentifier>
    </Filter>
    <Filter Include="Engine\Lighting">
      <UniqueIdentifier>{0aa8b765-3ee7-431e-ae0c-cbcf1e82a064}</UniqueIdentifier>
    </Filter>
    <Filter Include="Engine\Materials">
      <UniqueIdentifier>{7c87c896-5cb4-4372-a40c-c735d53eff32}</UniqueIdentifier>
    </Filter>
    <Filter Include="Engine\Objects">
      <UniqueIdentifier>{0ea2301a-98ee-4928-b573-04d165fddfa0}</UniqueIdentifier>
    </Filter>
    <Filter Include="Engine\Raytracer">
      <UniqueIdentifier>{7f76c8bb-ec8e-44d9-b636-fe1d9874a825}</UniqueIdentifier>
    </Filter>
    <Filter Include="Engine\Raytracer\Accelerators">
      <UniqueIdentifier>{27d6f3aa-886f-4dfc-b21b-40cb0c6ff477}</UniqueIdentifier>
    </Filter>
    <Filter Include="Engine\Raytracer\Accelerators\NullAccelerator">
      <UniqueIdentifier>{ce56f893-5554-46a6-a5a5-e9a14835c580}</UniqueIdentifier>
    </Filter>
    <Filter Include="Engine\Raytracer\Accelerators\KDTree">
      <UniqueIdentifier>{0c1a2529-bfd7-4cec-847d-86696a0dcae3}</UniqueIdentifier>
    </Filter>
    <Filter Include="Engine\Scene">
      <UniqueIdentifier>{cf6c6c45-60b1-4acb-a3a1-fa6cfd0b7ff3}</UniqueIdentifier>
    </Filter>
    <Filter Include="Engine\Scene\Loading">
      <UniqueIdentifier>{9b1134e0-6315-483d-8f77-e27d375cf7db}</UniqueIdentifier>
    </Filter>
    <Filter Include="Engine\Math">
      <UniqueIdentifier>{d7290654-dc9f-4632-816a-a2217cc5efb7}</UniqueIdentifier>
    </Filter>
    <Filter Include="Math">
      <UniqueIdentifier>{c29bc449-44c8-41a7-ab50-e7c329d6a5f2}</UniqueIdentifier>
    </Filter>
    <Filter Include="Math\Vectors">
      <UniqueIdentifier>{552d1568-0e23-4277-8a1a-5c0f40c9a26a}</UniqueIdentifier>
    </Filter>
    <Filter Include="Math\Matrices">
      <UniqueIdentifier>{353cbc5a-ca8b-48c0-b635-c5254a9d44f6}</UniqueIdentifier>
    </Filter>
    <Filter Include="Math\Random">
      <UniqueIdentifier>{0bc196d4-9b46-4b97-93ba-cfb5bef58c05}</UniqueIdentifier>
    </Filter>
    <Filter Include="Math\Ray">
      <UniqueIdentifier>{07f9ce08-cae5-44d1-b87d-3cab824b1c6b}</UniqueIdentifier>
    </Filter>
    <Filter Include="Math\BoundingBox">
      <UniqueIdentifier>{7d037c14-fc31-4842-9e4e-68e3473e87ef}</UniqueIdentifier>
    </Filter>
    <Filter Include="Engine\Integrators">
      <UniqueIdentifier>{58a20632-ea50-4ffb-817c-fcb8f5d7153c}</UniqueIdentifier>
    </Filter>
    <Filter Include="Engine\Math\Color">
      <UniqueIdentifier>{3b28ab7e-05c4-43b6-b01d-a43057f14edc}</UniqueIdentifier>
    </Filter>
  </ItemGroup>
  <ItemGroup>
    <ClInclude Include="Film.h">
      <Filter>Engine</Filter>
    </ClInclude>
    <ClInclude Include="Material.h">
      <Filter>Engine\Materials</Filter>
    </ClInclude>
    <ClInclude Include="GeometryObject.h">
      <Filter>Engine\Objects</Filter>
    </ClInclude>
    <ClInclude Include="LightingServer.h">
      <Filter>Engine\Lighting</Filter>
    </ClInclude>
    <ClInclude Include="Flux.h">
      <Filter>Engine\Lighting</Filter>
    </ClInclude>
    <ClInclude Include="Raytracer.h">
      <Filter>Engine\Raytracer</Filter>
    </ClInclude>
    <ClInclude Include="Hit.h">
      <Filter>Engine\Raytracer</Filter>
    </ClInclude>
    <ClInclude Include="LightSource.h">
      <Filter>Engine\Lighting</Filter>
    </ClInclude>
    <ClInclude Include="RayEvaluator.h">
      <Filter>Engine</Filter>
    </ClInclude>
    <ClInclude Include="Camera.h">
      <Filter>Engine</Filter>
    </ClInclude>
    <ClInclude Include="ShadingContext.h">
      <Filter>Engine</Filter>
    </ClInclude>
    <ClInclude Include="SphereObject.h">
      <Filter>Engine\Objects</Filter>
    </ClInclude>
    <ClInclude Include="Renderer.h">
      <Filter>Engine</Filter>
    </ClInclude>
    <ClInclude Include="Accelerator.h">
      <Filter>Engine\Raytracer\Accelerators</Filter>
    </ClInclude>
    <ClInclude Include="Marcher.h">
      <Filter>Engine\Raytracer\Accelerators</Filter>
    </ClInclude>
    <ClInclude Include="NullAccelerator.h">
      <Filter>Engine\Raytracer\Accelerators\NullAccelerator</Filter>
    </ClInclude>
    <ClInclude Include="NullMarcher.h">
      <Filter>Engine\Raytracer\Accelerators\NullAccelerator</Filter>
    </ClInclude>
    <ClInclude Include="Attenuation.h">
      <Filter>Engine\Lighting</Filter>
    </ClInclude>
    <ClInclude Include="PointLightSource.h">
      <Filter>Engine\Lighting</Filter>
    </ClInclude>
    <ClInclude Include="BlinnMaterial.h">
      <Filter>Engine\Materials</Filter>
    </ClInclude>
    <ClInclude Include="TransformableGeometryObject.h">
      <Filter>Engine\Objects</Filter>
    </ClInclude>
    <ClInclude Include="FlatTriangleObject.h">
      <Filter>Engine\Objects</Filter>
    </ClInclude>
    <ClInclude Include="Scene.h">
      <Filter>Engine\Scene</Filter>
    </ClInclude>
    <ClInclude Include="CommandFactory.h">
      <Filter>Engine\Scene\Loading</Filter>
    </ClInclude>
    <ClInclude Include="CommandProcessor.h">
      <Filter>Engine\Scene\Loading</Filter>
    </ClInclude>
    <ClInclude Include="SceneLoader.h">
      <Filter>Engine\Scene\Loading</Filter>
    </ClInclude>
    <ClInclude Include="LoadingContext.h">
      <Filter>Engine\Scene\Loading</Filter>
    </ClInclude>
    <ClInclude Include="Parser.h">
      <Filter>Engine\Scene\Loading</Filter>
    </ClInclude>
    <ClInclude Include="TransformCommandProcessor.h">
      <Filter>Engine\Scene\Loading</Filter>
    </ClInclude>
    <ClInclude Include="SettingsCommandProcessor.h">
      <Filter>Engine\Scene\Loading</Filter>
    </ClInclude>
    <ClInclude Include="SettingsCommandFactory.h">
      <Filter>Engine\Scene\Loading</Filter>
    </ClInclude>
    <ClInclude Include="MaterialCommandProcessor.h">
      <Filter>Engine\Scene\Loading</Filter>
    </ClInclude>
    <ClInclude Include="TransformCommandFactory.h">
      <Filter>Engine\Scene\Loading</Filter>
    </ClInclude>
    <ClInclude Include="MaterialCommandFactory.h">
      <Filter>Engine\Scene\Loading</Filter>
    </ClInclude>
    <ClInclude Include="DirectionalLightSource.h">
      <Filter>Engine\Lighting</Filter>
    </ClInclude>
    <ClInclude Include="ObjectCommandProcessor.h">
      <Filter>Engine\Scene\Loading</Filter>
    </ClInclude>
    <ClInclude Include="ObjectCommandFactory.h">
      <Filter>Engine\Scene\Loading</Filter>
    </ClInclude>
    <ClInclude Include="LightSourceCommandProcessor.h">
      <Filter>Engine\Scene\Loading</Filter>
    </ClInclude>
    <ClInclude Include="LightSourceCommandFactory.h">
      <Filter>Engine\Scene\Loading</Filter>
    </ClInclude>
    <ClInclude Include="CameraCommandProcessor.h">
      <Filter>Engine\Scene\Loading</Filter>
    </ClInclude>
    <ClInclude Include="CameraCommandFactory.h">
      <Filter>Engine\Scene\Loading</Filter>
    </ClInclude>
    <ClInclude Include="TransformStack.h">
      <Filter>Engine\Math</Filter>
    </ClInclude>
    <ClInclude Include="KDTreeAccelerator.h">
      <Filter>Engine\Raytracer\Accelerators\KDTree</Filter>
    </ClInclude>
    <ClInclude Include="KDTreeNode.h">
      <Filter>Engine\Raytracer\Accelerators\KDTree</Filter>
    </ClInclude>
    <ClInclude Include="KDTreeMarcher.h">
      <Filter>Engine\Raytracer\Accelerators\KDTree</Filter>
    </ClInclude>
    <ClInclude Include="SkyLightSource.h">
      <Filter>Engine\Lighting</Filter>
    </ClInclude>
    <ClInclude Include="sse_float_vector3_operations.hpp">
      <Filter>Math\Vectors</Filter>
    </ClInclude>
    <ClInclude Include="vector3.hpp">
      <Filter>Math\Vectors</Filter>
    </ClInclude>
    <ClInclude Include="sse_float_vector3.hpp">
      <Filter>Math\Vectors</Filter>
    </ClInclude>
    <ClInclude Include="base_matrix.hpp">
      <Filter>Math\Matrices</Filter>
    </ClInclude>
    <ClInclude Include="base_matrix_operations.hpp">
      <Filter>Math\Matrices</Filter>
    </ClInclude>
    <ClInclude Include="base_matrix_functions.hpp">
      <Filter>Math\Matrices</Filter>
    </ClInclude>
    <ClInclude Include="base_matrix4x4_transfrom.hpp">
      <Filter>Math\Matrices</Filter>
    </ClInclude>
    <ClInclude Include="base_matrix4x4.hpp">
      <Filter>Math\Matrices</Filter>
    </ClInclude>
    <ClInclude Include="sse_float_vector4.hpp">
      <Filter>Math\Vectors</Filter>
    </ClInclude>
    <ClInclude Include="sse_float_vector4_operations.hpp">
      <Filter>Math\Vectors</Filter>
    </ClInclude>
    <ClInclude Include="new_math.hpp">
      <Filter>Engine\Math</Filter>
    </ClInclude>
    <ClInclude Include="Types.h">
      <Filter>Engine\Math</Filter>
    </ClInclude>
    <ClInclude Include="random.hpp">
      <Filter>Math\Random</Filter>
    </ClInclude>
    <ClInclude Include="KDTraverseFrame.h">
      <Filter>Engine\Raytracer\Accelerators\KDTree</Filter>
    </ClInclude>
    <ClInclude Include="vector.hpp">
      <Filter>Math\Vectors</Filter>
    </ClInclude>
    <ClInclude Include="vector3_operations.hpp">
      <Filter>Math\Vectors</Filter>
    </ClInclude>
    <ClInclude Include="vector_functions.hpp">
      <Filter>Math\Vectors</Filter>
    </ClInclude>
    <ClInclude Include="vector_operations.hpp">
      <Filter>Math\Vectors</Filter>
    </ClInclude>
    <ClInclude Include="ParserHelper.h">
      <Filter>Engine\Scene\Loading</Filter>
    </ClInclude>
    <ClInclude Include="SimpleGILightSource.h">
      <Filter>Engine\Lighting</Filter>
    </ClInclude>
    <ClInclude Include="DielectricMaterial.h">
      <Filter>Engine\Materials</Filter>
    </ClInclude>
    <ClInclude Include="LightingContext.h">
      <Filter>Engine\Lighting</Filter>
    </ClInclude>
    <ClInclude Include="GeometryLightSource.h">
      <Filter>Engine\Lighting</Filter>
    </ClInclude>
    <ClInclude Include="random_sample.hpp">
      <Filter>Math\Random</Filter>
    </ClInclude>
    <ClInclude Include="discrete_distribution.hpp">
      <Filter>Math\Random</Filter>
    </ClInclude>
    <ClInclude Include="UniformRandomBitGenerator.h">
      <Filter>Engine\Math</Filter>
    </ClInclude>
    <ClInclude Include="targetver.h" />
    <ClInclude Include="ProcessTimeStopwatch.h" />
    <ClInclude Include="stdafx.h" />
    <ClInclude Include="StdHigheResolutionClockStopwatch.h" />
    <ClInclude Include="Stopwatch.h" />
    <ClInclude Include="ray_functions.hpp">
      <Filter>Math\Ray</Filter>
    </ClInclude>
    <ClInclude Include="ray.hpp">
      <Filter>Math\Ray</Filter>
    </ClInclude>
    <ClInclude Include="bounding_box.hpp">
      <Filter>Math\BoundingBox</Filter>
    </ClInclude>
    <ClInclude Include="bounding_box_hit.hpp">
      <Filter>Math\BoundingBox</Filter>
    </ClInclude>
    <ClInclude Include="bounding_box_functions.hpp">
      <Filter>Math\BoundingBox</Filter>
    </ClInclude>
    <ClInclude Include="constants.hpp">
      <Filter>Math</Filter>
    </ClInclude>
    <ClInclude Include="helper.hpp">
      <Filter>Math</Filter>
    </ClInclude>
    <ClInclude Include="Distribution.h">
      <Filter>Engine\Math</Filter>
    </ClInclude>
    <ClInclude Include="RayIntegrator.h">
      <Filter>Engine\Integrators</Filter>
    </ClInclude>
    <ClInclude Include="MonteCarloPathIntegrator.h">
      <Filter>Engine\Integrators</Filter>
    </ClInclude>
    <ClInclude Include="color_functions.hpp">
      <Filter>Engine\Math\Color</Filter>
    </ClInclude>
  </ItemGroup>
  <ItemGroup>
    <ClCompile Include="Renderer.cpp">
      <Filter>Engine</Filter>
    </ClCompile>
    <ClCompile Include="Film.cpp">
      <Filter>Engine</Filter>
    </ClCompile>
    <ClCompile Include="RayEvaluator.cpp">
      <Filter>Engine</Filter>
    </ClCompile>
    <ClCompile Include="StdHigheResolutionClockStopwatch.cpp" />
    <ClCompile Include="ProcessTimeStopwatch.cpp" />
    <ClCompile Include="main.cpp" />
    <ClCompile Include="DirectionalLightSource.cpp">
      <Filter>Engine\Lighting</Filter>
    </ClCompile>
    <ClCompile Include="GeometryLightSource.cpp">
      <Filter>Engine\Lighting</Filter>
    </ClCompile>
    <ClCompile Include="LightingServer.cpp">
      <Filter>Engine\Lighting</Filter>
    </ClCompile>
    <ClCompile Include="PointLightSource.cpp">
      <Filter>Engine\Lighting</Filter>
    </ClCompile>
    <ClCompile Include="SimpleGILightSource.cpp">
      <Filter>Engine\Lighting</Filter>
    </ClCompile>
    <ClCompile Include="SkyLightSource.cpp">
      <Filter>Engine\Lighting</Filter>
    </ClCompile>
    <ClCompile Include="DielectricMaterial.cpp">
      <Filter>Engine\Materials</Filter>
    </ClCompile>
    <ClCompile Include="BlinnMaterial.cpp">
      <Filter>Engine\Materials</Filter>
    </ClCompile>
    <ClCompile Include="SphereObject.cpp">
      <Filter>Engine\Objects</Filter>
    </ClCompile>
    <ClCompile Include="FlatTriangleObject.cpp">
      <Filter>Engine\Objects</Filter>
    </ClCompile>
    <ClCompile Include="Raytracer.cpp">
      <Filter>Engine\Raytracer</Filter>
    </ClCompile>
    <ClCompile Include="KDTreeNode.cpp">
      <Filter>Engine\Raytracer\Accelerators\KDTree</Filter>
    </ClCompile>
    <ClCompile Include="KDTreeAccelerator.cpp">
      <Filter>Engine\Raytracer\Accelerators\KDTree</Filter>
    </ClCompile>
    <ClCompile Include="KDTreeMarcher.cpp">
      <Filter>Engine\Raytracer\Accelerators\KDTree</Filter>
    </ClCompile>
    <ClCompile Include="NullAccelerator.cpp">
      <Filter>Engine\Raytracer\Accelerators\NullAccelerator</Filter>
    </ClCompile>
    <ClCompile Include="NullMarcher.cpp">
      <Filter>Engine\Raytracer\Accelerators\NullAccelerator</Filter>
    </ClCompile>
    <ClCompile Include="CameraCommandFactory.cpp">
      <Filter>Engine\Scene\Loading</Filter>
    </ClCompile>
    <ClCompile Include="CameraCommandProcessor.cpp">
      <Filter>Engine\Scene\Loading</Filter>
    </ClCompile>
    <ClCompile Include="LightSourceCommandFactory.cpp">
      <Filter>Engine\Scene\Loading</Filter>
    </ClCompile>
    <ClCompile Include="LightSourceCommandProcessor.cpp">
      <Filter>Engine\Scene\Loading</Filter>
    </ClCompile>
    <ClCompile Include="MaterialCommandFactory.cpp">
      <Filter>Engine\Scene\Loading</Filter>
    </ClCompile>
    <ClCompile Include="MaterialCommandProcessor.cpp">
      <Filter>Engine\Scene\Loading</Filter>
    </ClCompile>
    <ClCompile Include="ObjectCommandFactory.cpp">
      <Filter>Engine\Scene\Loading</Filter>
    </ClCompile>
    <ClCompile Include="ObjectCommandProcessor.cpp">
      <Filter>Engine\Scene\Loading</Filter>
    </ClCompile>
    <ClCompile Include="Parser.cpp">
      <Filter>Engine\Scene\Loading</Filter>
    </ClCompile>
    <ClCompile Include="SceneLoader.cpp">
      <Filter>Engine\Scene\Loading</Filter>
    </ClCompile>
    <ClCompile Include="SettingsCommandFactory.cpp">
      <Filter>Engine\Scene\Loading</Filter>
    </ClCompile>
    <ClCompile Include="SettingsCommandProcessor.cpp">
      <Filter>Engine\Scene\Loading</Filter>
    </ClCompile>
    <ClCompile Include="TransformCommandFactory.cpp">
      <Filter>Engine\Scene\Loading</Filter>
    </ClCompile>
    <ClCompile Include="TransformCommandProcessor.cpp">
      <Filter>Engine\Scene\Loading</Filter>
    </ClCompile>
    <ClCompile Include="stdafx.cpp" />
    <ClCompile Include="MonteCarloPathIntegrator.cpp">
      <Filter>Engine\Integrators</Filter>
    </ClCompile>
  </ItemGroup>
</Project>